
Microsoft Visual Studio Solution File, Format Version 12.00
# Visual Studio Version 17
VisualStudioVersion = 17.12.35527.113 d17.12
MinimumVisualStudioVersion = 10.0.40219.1
Project("{FAE04EC0-301F-11D3-BF4B-00C04F79EFBC}") = "AseguradoraApp", "AseguradoraApp.csproj", "{5E6A2B46-9E1E-4148-BF18-7F6A232D56AB}"
EndProject
Project("{2150E333-8FDC-42A3-9474-1A3956D46DE8}") = "src", "src", "{71AD3C40-635A-4A58-80AB-C240F20A1969}"
EndProject
Project("{2150E333-8FDC-42A3-9474-1A3956D46DE8}") = "Presentacion", "Presentacion", "{D10FC43C-8AE5-4D40-B31E-0E613D0554D5}"
EndProject
Project("{2150E333-8FDC-42A3-9474-1A3956D46DE8}") = "Repositorio", "Repositorio", "{D1ED7A64-D8AD-472E-AD92-EF0D109A7D36}"
EndProject
Project("{2150E333-8FDC-42A3-9474-1A3956D46DE8}") = "Dominio", "Dominio", "{0B0E859A-DE56-443E-8A9C-CD289B23A18B}"
EndProject
Project("{2150E333-8FDC-42A3-9474-1A3956D46DE8}") = "Aplicacion", "Aplicacion", "{76003029-1795-4C03-8E58-7886C3C42727}"
EndProject
Project("{FAE04EC0-301F-11D3-BF4B-00C04F79EFBC}") = "Servicios", "..\Servicios\Servicios.csproj", "{BD6160CC-AEF2-4081-9D1E-945594192769}"
EndProject
Project("{FAE04EC0-301F-11D3-BF4B-00C04F79EFBC}") = "Entidades", "..\Entidades\Entidades.csproj", "{592C6B16-3A03-449C-96C6-F6621B91B8C9}"
EndProject
Project("{FAE04EC0-301F-11D3-BF4B-00C04F79EFBC}") = "Repositorio", "..\Repositorio\Repositorio.csproj", "{CCC1F8D2-F92F-4213-98C4-F80CAF110004}"
EndProject
Global
	GlobalSection(SolutionConfigurationPlatforms) = preSolution
		Debug|Any CPU = Debug|Any CPU
		Release|Any CPU = Release|Any CPU
	EndGlobalSection
	GlobalSection(ProjectConfigurationPlatforms) = postSolution
		{5E6A2B46-9E1E-4148-BF18-7F6A232D56AB}.Debug|Any CPU.ActiveCfg = Debug|Any CPU
		{5E6A2B46-9E1E-4148-BF18-7F6A232D56AB}.Debug|Any CPU.Build.0 = Debug|Any CPU
		{5E6A2B46-9E1E-4148-BF18-7F6A232D56AB}.Release|Any CPU.ActiveCfg = Release|Any CPU
		{5E6A2B46-9E1E-4148-BF18-7F6A232D56AB}.Release|Any CPU.Build.0 = Release|Any CPU
		{BD6160CC-AEF2-4081-9D1E-945594192769}.Debug|Any CPU.ActiveCfg = Debug|Any CPU
		{BD6160CC-AEF2-4081-9D1E-945594192769}.Debug|Any CPU.Build.0 = Debug|Any CPU
		{BD6160CC-AEF2-4081-9D1E-945594192769}.Release|Any CPU.ActiveCfg = Release|Any CPU
		{BD6160CC-AEF2-4081-9D1E-945594192769}.Release|Any CPU.Build.0 = Release|Any CPU
		{592C6B16-3A03-449C-96C6-F6621B91B8C9}.Debug|Any CPU.ActiveCfg = Debug|Any CPU
		{592C6B16-3A03-449C-96C6-F6621B91B8C9}.Debug|Any CPU.Build.0 = Debug|Any CPU
		{592C6B16-3A03-449C-96C6-F6621B91B8C9}.Release|Any CPU.ActiveCfg = Release|Any CPU
		{592C6B16-3A03-449C-96C6-F6621B91B8C9}.Release|Any CPU.Build.0 = Release|Any CPU
		{CCC1F8D2-F92F-4213-98C4-F80CAF110004}.Debug|Any CPU.ActiveCfg = Debug|Any CPU
		{CCC1F8D2-F92F-4213-98C4-F80CAF110004}.Debug|Any CPU.Build.0 = Debug|Any CPU
		{CCC1F8D2-F92F-4213-98C4-F80CAF110004}.Release|Any CPU.ActiveCfg = Release|Any CPU
		{CCC1F8D2-F92F-4213-98C4-F80CAF110004}.Release|Any CPU.Build.0 = Release|Any CPU
	EndGlobalSection
	GlobalSection(SolutionProperties) = preSolution
		HideSolutionNode = FALSE
	EndGlobalSection
	GlobalSection(NestedProjects) = preSolution
		{5E6A2B46-9E1E-4148-BF18-7F6A232D56AB} = {D10FC43C-8AE5-4D40-B31E-0E613D0554D5}
		{D10FC43C-8AE5-4D40-B31E-0E613D0554D5} = {71AD3C40-635A-4A58-80AB-C240F20A1969}
		{D1ED7A64-D8AD-472E-AD92-EF0D109A7D36} = {71AD3C40-635A-4A58-80AB-C240F20A1969}
		{0B0E859A-DE56-443E-8A9C-CD289B23A18B} = {71AD3C40-635A-4A58-80AB-C240F20A1969}
		{76003029-1795-4C03-8E58-7886C3C42727} = {71AD3C40-635A-4A58-80AB-C240F20A1969}
		{BD6160CC-AEF2-4081-9D1E-945594192769} = {76003029-1795-4C03-8E58-7886C3C42727}
		{592C6B16-3A03-449C-96C6-F6621B91B8C9} = {0B0E859A-DE56-443E-8A9C-CD289B23A18B}
		{CCC1F8D2-F92F-4213-98C4-F80CAF110004} = {D1ED7A64-D8AD-472E-AD92-EF0D109A7D36}
	EndGlobalSection
EndGlobal
